("quicklisp" .
 (:class qlot/source/dist:source-dist
  :initargs (:distribution "http://beta.quicklisp.org/dist/quicklisp.txt" :%version :latest)
  :version "2023-02-15"))
("dexador" .
 (:class qlot/source/ql:source-ql
  :initargs (:%version :latest)
  :version "ql-2023-02-15"))
("cl-yaml" .
 (:class qlot/source/git:source-git
  :initargs (:remote-url "https://github.com/eudoxia0/cl-yaml.git" :branch "master")
  :version "git-12c84d43b3f57f332774c780a2e4a20eee7f47de"))
